// !$*UTF8*$!
{
	archiveVersion = 1;
	classes = {
	};
	objectVersion = 55;
	objects = {

/* Begin PBXBuildFile section */
		603A7D1728C0B9D5009DD6DB /* MainTabBarController.swift in Sources */ = {isa = PBXBuildFile; fileRef = 603A7D1628C0B9D5009DD6DB /* MainTabBarController.swift */; };
		60F3E62428BE2413008A00F9 /* AppDelegate.swift in Sources */ = {isa = PBXBuildFile; fileRef = 60F3E62328BE2413008A00F9 /* AppDelegate.swift */; };
		60F3E62628BE2413008A00F9 /* SceneDelegate.swift in Sources */ = {isa = PBXBuildFile; fileRef = 60F3E62528BE2413008A00F9 /* SceneDelegate.swift */; };
		60F3E62B28BE2413008A00F9 /* Main.storyboard in Resources */ = {isa = PBXBuildFile; fileRef = 60F3E62928BE2413008A00F9 /* Main.storyboard */; };
		60F3E62D28BE2414008A00F9 /* Assets.xcassets in Resources */ = {isa = PBXBuildFile; fileRef = 60F3E62C28BE2414008A00F9 /* Assets.xcassets */; };
		60F3E63028BE2414008A00F9 /* LaunchScreen.storyboard in Resources */ = {isa = PBXBuildFile; fileRef = 60F3E62E28BE2414008A00F9 /* LaunchScreen.storyboard */; };
		60F3E63828BE29F5008A00F9 /* FirstTableViewController.swift in Sources */ = {isa = PBXBuildFile; fileRef = 60F3E63728BE29F5008A00F9 /* FirstTableViewController.swift */; };
		60F3E63A28BE2A05008A00F9 /* SecondTableViewController.swift in Sources */ = {isa = PBXBuildFile; fileRef = 60F3E63928BE2A05008A00F9 /* SecondTableViewController.swift */; };
		60F3E63C28BE2A7D008A00F9 /* Person.swift in Sources */ = {isa = PBXBuildFile; fileRef = 60F3E63B28BE2A7D008A00F9 /* Person.swift */; };
		60F3E63E28BE2A98008A00F9 /* DataManager.swift in Sources */ = {isa = PBXBuildFile; fileRef = 60F3E63D28BE2A98008A00F9 /* DataManager.swift */; };
		60F3E64028BE3D8B008A00F9 /* MoreInfoViewController.swift in Sources */ = {isa = PBXBuildFile; fileRef = 60F3E63F28BE3D8B008A00F9 /* MoreInfoViewController.swift */; };
/* End PBXBuildFile section */

/* Begin PBXFileReference section */
		603A7D1628C0B9D5009DD6DB /* MainTabBarController.swift */ = {isa = PBXFileReference; lastKnownFileType = sourcecode.swift; path = MainTabBarController.swift; sourceTree = "<group>"; };
		60F3E62028BE2413008A00F9 /* PersonsListApp.app */ = {isa = PBXFileReference; explicitFileType = wrapper.application; includeInIndex = 0; path = PersonsListApp.app; sourceTree = BUILT_PRODUCTS_DIR; };
		60F3E62328BE2413008A00F9 /* AppDelegate.swift */ = {isa = PBXFileReference; lastKnownFileType = sourcecode.swift; path = AppDelegate.swift; sourceTree = "<group>"; };
		60F3E62528BE2413008A00F9 /* SceneDelegate.swift */ = {isa = PBXFileReference; lastKnownFileType = sourcecode.swift; path = SceneDelegate.swift; sourceTree = "<group>"; };
		60F3E62A28BE2413008A00F9 /* Base */ = {isa = PBXFileReference; lastKnownFileType = file.storyboard; name = Base; path = Base.lproj/Main.storyboard; sourceTree = "<group>"; };
		60F3E62C28BE2414008A00F9 /* Assets.xcassets */ = {isa = PBXFileReference; lastKnownFileType = folder.assetcatalog; path = Assets.xcassets; sourceTree = "<group>"; };
		60F3E62F28BE2414008A00F9 /* Base */ = {isa = PBXFileReference; lastKnownFileType = file.storyboard; name = Base; path = Base.lproj/LaunchScreen.storyboard; sourceTree = "<group>"; };
		60F3E63128BE2414008A00F9 /* Info.plist */ = {isa = PBXFileReference; lastKnownFileType = text.plist.xml; path = Info.plist; sourceTree = "<group>"; };
		60F3E63728BE29F5008A00F9 /* FirstTableViewController.swift */ = {isa = PBXFileReference; lastKnownFileType = sourcecode.swift; path = FirstTableViewController.swift; sourceTree = "<group>"; };
		60F3E63928BE2A05008A00F9 /* SecondTableViewController.swift */ = {isa = PBXFileReference; lastKnownFileType = sourcecode.swift; path = SecondTableViewController.swift; sourceTree = "<group>"; };
		60F3E63B28BE2A7D008A00F9 /* Person.swift */ = {isa = PBXFileReference; lastKnownFileType = sourcecode.swift; path = Person.swift; sourceTree = "<group>"; };
		60F3E63D28BE2A98008A00F9 /* DataManager.swift */ = {isa = PBXFileReference; lastKnownFileType = sourcecode.swift; path = DataManager.swift; sourceTree = "<group>"; };
		60F3E63F28BE3D8B008A00F9 /* MoreInfoViewController.swift */ = {isa = PBXFileReference; lastKnownFileType = sourcecode.swift; path = MoreInfoViewController.swift; sourceTree = "<group>"; };
/* End PBXFileReference section */

/* Begin PBXFrameworksBuildPhase section */
		60F3E61D28BE2413008A00F9 /* Frameworks */ = {
			isa = PBXFrameworksBuildPhase;
			buildActionMask = 2147483647;
			files = (
			);
			runOnlyForDeploymentPostprocessing = 0;
		};
/* End PBXFrameworksBuildPhase section */

/* Begin PBXGroup section */
		60F3E61728BE2413008A00F9 = {
			isa = PBXGroup;
			children = (
				60F3E62228BE2413008A00F9 /* PersonsListApp */,
				60F3E62128BE2413008A00F9 /* Products */,
			);
			sourceTree = "<group>";
		};
		60F3E62128BE2413008A00F9 /* Products */ = {
			isa = PBXGroup;
			children = (
				60F3E62028BE2413008A00F9 /* PersonsListApp.app */,
			);
			name = Products;
			sourceTree = "<group>";
		};
		60F3E62228BE2413008A00F9 /* PersonsListApp */ = {
			isa = PBXGroup;
			children = (
				60F3E64228BE4D71008A00F9 /* ViewControllers */,
				60F3E64328BE4D86008A00F9 /* Models */,
				60F3E64128BE4D3E008A00F9 /* Storyboards */,
				60F3E62328BE2413008A00F9 /* AppDelegate.swift */,
				60F3E62528BE2413008A00F9 /* SceneDelegate.swift */,
				60F3E62C28BE2414008A00F9 /* Assets.xcassets */,
				60F3E63128BE2414008A00F9 /* Info.plist */,
			);
			path = PersonsListApp;
			sourceTree = "<group>";
		};
		60F3E64128BE4D3E008A00F9 /* Storyboards */ = {
			isa = PBXGroup;
			children = (
				60F3E62928BE2413008A00F9 /* Main.storyboard */,
				60F3E62E28BE2414008A00F9 /* LaunchScreen.storyboard */,
			);
			path = Storyboards;
			sourceTree = "<group>";
		};
		60F3E64228BE4D71008A00F9 /* ViewControllers */ = {
			isa = PBXGroup;
			children = (
				60F3E63728BE29F5008A00F9 /* FirstTableViewController.swift */,
				60F3E63F28BE3D8B008A00F9 /* MoreInfoViewController.swift */,
				60F3E63928BE2A05008A00F9 /* SecondTableViewController.swift */,
				603A7D1628C0B9D5009DD6DB /* MainTabBarController.swift */,
			);
			path = ViewControllers;
			sourceTree = "<group>";
		};
		60F3E64328BE4D86008A00F9 /* Models */ = {
			isa = PBXGroup;
			children = (
				60F3E63D28BE2A98008A00F9 /* DataManager.swift */,
				60F3E63B28BE2A7D008A00F9 /* Person.swift */,
			);
			path = Models;
			sourceTree = "<group>";
		};
/* End PBXGroup section */

/* Begin PBXNativeTarget section */
		60F3E61F28BE2413008A00F9 /* PersonsListApp */ = {
			isa = PBXNativeTarget;
			buildConfigurationList = 60F3E63428BE2414008A00F9 /* Build configuration list for PBXNativeTarget "PersonsListApp" */;
			buildPhases = (
				60F3E61C28BE2413008A00F9 /* Sources */,
				60F3E61D28BE2413008A00F9 /* Frameworks */,
				60F3E61E28BE2413008A00F9 /* Resources */,
			);
			buildRules = (
			);
			dependencies = (
			);
			name = PersonsListApp;
			productName = PersonsListApp;
			productReference = 60F3E62028BE2413008A00F9 /* PersonsListApp.app */;
			productType = "com.apple.product-type.application";
		};
/* End PBXNativeTarget section */

/* Begin PBXProject section */
		60F3E61828BE2413008A00F9 /* Project object */ = {
			isa = PBXProject;
			attributes = {
				BuildIndependentTargetsInParallel = 1;
				LastSwiftUpdateCheck = 1340;
				LastUpgradeCheck = 1340;
				TargetAttributes = {
					60F3E61F28BE2413008A00F9 = {
						CreatedOnToolsVersion = 13.4.1;
					};
				};
			};
			buildConfigurationList = 60F3E61B28BE2413008A00F9 /* Build configuration list for PBXProject "PersonsListApp" */;
			compatibilityVersion = "Xcode 13.0";
			developmentRegion = en;
			hasScannedForEncodings = 0;
			knownRegions = (
				en,
				Base,
			);
			mainGroup = 60F3E61728BE2413008A00F9;
			productRefGroup = 60F3E62128BE2413008A00F9 /* Products */;
			projectDirPath = "";
			projectRoot = "";
			targets = (
				60F3E61F28BE2413008A00F9 /* PersonsListApp */,
			);
		};
/* End PBXProject section */

/* Begin PBXResourcesBuildPhase section */
		60F3E61E28BE2413008A00F9 /* Resources */ = {
			isa = PBXResourcesBuildPhase;
			buildActionMask = 2147483647;
			files = (
				60F3E63028BE2414008A00F9 /* LaunchScreen.storyboard in Resources */,
				60F3E62D28BE2414008A00F9 /* Assets.xcassets in Resources */,
				60F3E62B28BE2413008A00F9 /* Main.storyboard in Resources */,
			);
			runOnlyForDeploymentPostprocessing = 0;
		};
/* End PBXResourcesBuildPhase section */

/* Begin PBXSourcesBuildPhase section */
		60F3E61C28BE2413008A00F9 /* Sources */ = {
			isa = PBXSourcesBuildPhase;
			buildActionMask = 2147483647;
			files = (
				60F3E63C28BE2A7D008A00F9 /* Person.swift in Sources */,
				60F3E63E28BE2A98008A00F9 /* DataManager.swift in Sources */,
				603A7D1728C0B9D5009DD6DB /* MainTabBarController.swift in Sources */,
				60F3E62428BE2413008A00F9 /* AppDelegate.swift in Sources */,
				60F3E64028BE3D8B008A00F9 /* MoreInfoViewController.swift in Sources */,
				60F3E63A28BE2A05008A00F9 /* SecondTableViewController.swift in Sources */,
				60F3E62628BE2413008A00F9 /* SceneDelegate.swift in Sources */,
				60F3E63828BE29F5008A00F9 /* FirstTableViewController.swift in Sources */,
			);
			runOnlyForDeploymentPostprocessing = 0;
		};
/* End PBXSourcesBuildPhase section */

/* Begin PBXVariantGroup section */
		60F3E62928BE2413008A00F9 /* Main.storyboard */ = {
			isa = PBXVariantGroup;
			children = (
				60F3E62A28BE2413008A00F9 /* Base */,
			);
			name = Main.storyboard;
			sourceTree = "<group>";
		};
		60F3E62E28BE2414008A00F9 /* LaunchScreen.storyboard */ = {
			isa = PBXVariantGroup;
			children = (
				60F3E62F28BE2414008A00F9 /* Base */,
			);
			name = LaunchScreen.storyboard;
			sourceTree = "<group>";
		};
/* End PBXVariantGroup section */

/* Begin XCBuildConfiguration section */
		60F3E63228BE2414008A00F9 /* Debug */ = {
			isa = XCBuildConfiguration;
			buildSettings = {
				ALWAYS_SEARCH_USER_PATHS = NO;
				CLANG_ANALYZER_NONNULL = YES;
				CLANG_ANALYZER_NUMBER_OBJECT_CONVERSION = YES_AGGRESSIVE;
				CLANG_CXX_LANGUAGE_STANDARD = "gnu++17";
				CLANG_ENABLE_MODULES = YES;
				CLANG_ENABLE_OBJC_ARC = YES;
				CLANG_ENABLE_OBJC_WEAK = YES;
				CLANG_WARN_BLOCK_CAPTURE_AUTORELEASING = YES;
				CLANG_WARN_BOOL_CONVERSION = YES;
				CLANG_WARN_COMMA = YES;
				CLANG_WARN_CONSTANT_CONVERSION = YES;
				CLANG_WARN_DEPRECATED_OBJC_IMPLEMENTATIONS = YES;
				CLANG_WARN_DIRECT_OBJC_ISA_USAGE = YES_ERROR;
				CLANG_WARN_DOCUMENTATION_COMMENTS = YES;
				CLANG_WARN_EMPTY_BODY = YES;
				CLANG_WARN_ENUM_CONVERSION = YES;
				CLANG_WARN_INFINITE_RECURSION = YES;
				CLANG_WARN_INT_CONVERSION = YES;
				CLANG_WARN_NON_LITERAL_NULL_CONVERSION = YES;
				CLANG_WARN_OBJC_IMPLICIT_RETAIN_SELF = YES;
				CLANG_WARN_OBJC_LITERAL_CONVERSION = YES;
				CLANG_WARN_OBJC_ROOT_CLASS = YES_ERROR;
				CLANG_WARN_QUOTED_INCLUDE_IN_FRAMEWORK_HEADER = YES;
				CLANG_WARN_RANGE_LOOP_ANALYSIS = YES;
				CLANG_WARN_STRICT_PROTOTYPES = YES;
				CLANG_WARN_SUSPICIOUS_MOVE = YES;
				CLANG_WARN_UNGUARDED_AVAILABILITY = YES_AGGRESSIVE;
				CLANG_WARN_UNREACHABLE_CODE = YES;
				CLANG_WARN__DUPLICATE_METHOD_MATCH = YES;
				COPY_PHASE_STRIP = NO;
				DEBUG_INFORMATION_FORMAT = dwarf;
				ENABLE_STRICT_OBJC_MSGSEND = YES;
				ENABLE_TESTABILITY = YES;
				GCC_C_LANGUAGE_STANDARD = gnu11;
				GCC_DYNAMIC_NO_PIC = NO;
				GCC_NO_COMMON_BLOCKS = YES;
				GCC_OPTIMIZATION_LEVEL = 0;
				GCC_PREPROCESSOR_DEFINITIONS = (
					"DEBUG=1",
					"$(inherited)",
				);
				GCC_WARN_64_TO_32_BIT_CONVERSION = YES;
				GCC_WARN_ABOUT_RETURN_TYPE = YES_ERROR;
				GCC_WARN_UNDECLARED_SELECTOR = YES;
				GCC_WARN_UNINITIALIZED_AUTOS = YES_AGGRESSIVE;
				GCC_WARN_UNUSED_FUNCTION = YES;
				GCC_WARN_UNUSED_VARIABLE = YES;
				IPHONEOS_DEPLOYMENT_TARGET = 15.5;
				MTL_ENABLE_DEBUG_INFO = INCLUDE_SOURCE;
				MTL_FAST_MATH = YES;
				ONLY_ACTIVE_ARCH = YES;
				SDKROOT = iphoneos;
				SWIFT_ACTIVE_COMPILATION_CONDITIONS = DEBUG;
				SWIFT_OPTIMIZATION_LEVEL = "-Onone";
			};
			name = Debug;
		};
		60F3E63328BE2414008A00F9 /* Release */ = {
			isa = XCBuildConfiguration;
			buildSettings = {
				ALWAYS_SEARCH_USER_PATHS = NO;
				CLANG_ANALYZER_NONNULL = YES;
				CLANG_ANALYZER_NUMBER_OBJECT_CONVERSION = YES_AGGRESSIVE;
				CLANG_CXX_LANGUAGE_STANDARD = "gnu++17";
				CLANG_ENABLE_MODULES = YES;
				CLANG_ENABLE_OBJC_ARC = YES;
				CLANG_ENABLE_OBJC_WEAK = YES;
				CLANG_WARN_BLOCK_CAPTURE_AUTORELEASING = YES;
				CLANG_WARN_BOOL_CONVERSION = YES;
				CLANG_WARN_COMMA = YES;
				CLANG_WARN_CONSTANT_CONVERSION = YES;
				CLANG_WARN_DEPRECATED_OBJC_IMPLEMENTATIONS = YES;
				CLANG_WARN_DIRECT_OBJC_ISA_USAGE = YES_ERROR;
				CLANG_WARN_DOCUMENTATION_COMMENTS = YES;
				CLANG_WARN_EMPTY_BODY = YES;
				CLANG_WARN_ENUM_CONVERSION = YES;
				CLANG_WARN_INFINITE_RECURSION = YES;
				CLANG_WARN_INT_CONVERSION = YES;
				CLANG_WARN_NON_LITERAL_NULL_CONVERSION = YES;
				CLANG_WARN_OBJC_IMPLICIT_RETAIN_SELF = YES;
				CLANG_WARN_OBJC_LITERAL_CONVERSION = YES;
				CLANG_WARN_OBJC_ROOT_CLASS = YES_ERROR;
				CLANG_WARN_QUOTED_INCLUDE_IN_FRAMEWORK_HEADER = YES;
				CLANG_WARN_RANGE_LOOP_ANALYSIS = YES;
				CLANG_WARN_STRICT_PROTOTYPES = YES;
				CLANG_WARN_SUSPICIOUS_MOVE = YES;
				CLANG_WARN_UNGUARDED_AVAILABILITY = YES_AGGRESSIVE;
				CLANG_WARN_UNREACHABLE_CODE = YES;
				CLANG_WARN__DUPLICATE_METHOD_MATCH = YES;
				COPY_PHASE_STRIP = NO;
				DEBUG_INFORMATION_FORMAT = "dwarf-with-dsym";
				ENABLE_NS_ASSERTIONS = NO;
				ENABLE_STRICT_OBJC_MSGSEND = YES;
				GCC_C_LANGUAGE_STANDARD = gnu11;
				GCC_NO_COMMON_BLOCKS = YES;
				GCC_WARN_64_TO_32_BIT_CONVERSION = YES;
				GCC_WARN_ABOUT_RETURN_TYPE = YES_ERROR;
				GCC_WARN_UNDECLARED_SELECTOR = YES;
				GCC_WARN_UNINITIALIZED_AUTOS = YES_AGGRESSIVE;
				GCC_WARN_UNUSED_FUNCTION = YES;
				GCC_WARN_UNUSED_VARIABLE = YES;
				IPHONEOS_DEPLOYMENT_TARGET = 15.5;
				MTL_ENABLE_DEBUG_INFO = NO;
				MTL_FAST_MATH = YES;
				SDKROOT = iphoneos;
				SWIFT_COMPILATION_MODE = wholemodule;
				SWIFT_OPTIMIZATION_LEVEL = "-O";
				VALIDATE_PRODUCT = YES;
			};
			name = Release;
		};
		60F3E63528BE2414008A00F9 /* Debug */ = {
			isa = XCBuildConfiguration;
			buildSettings = {
				ASSETCATALOG_COMPILER_APPICON_NAME = AppIcon;
				ASSETCATALOG_COMPILER_GLOBAL_ACCENT_COLOR_NAME = AccentColor;
				CODE_SIGN_STYLE = Automatic;
				CURRENT_PROJECT_VERSION = 1;
				GENERATE_INFOPLIST_FILE = YES;
				INFOPLIST_FILE = PersonsListApp/Info.plist;
				INFOPLIST_KEY_UIApplicationSupportsIndirectInputEvents = YES;
				INFOPLIST_KEY_UILaunchStoryboardName = LaunchScreen;
				INFOPLIST_KEY_UIMainStoryboardFile = Main;
				INFOPLIST_KEY_UISupportedInterfaceOrientations_iPad = "UIInterfaceOrientationPortrait UIInterfaceOrientationPortraitUpsideDown UIInterfaceOrientationLandscapeLeft UIInterfaceOrientationLandscapeRight";
				INFOPLIST_KEY_UISupportedInterfaceOrientations_iPhone = "UIInterfaceOrientationPortrait UIInterfaceOrientationLandscapeLeft UIInterfaceOrientationLandscapeRight";
				LD_RUNPATH_SEARCH_PATHS = (
					"$(inherited)",
					"@executable_path/Frameworks",
				);
				MARKETING_VERSION = 1.0;
				PRODUCT_BUNDLE_IDENTIFIER = PersonsListApp;
				PRODUCT_NAME = "$(TARGET_NAME)";
				SWIFT_EMIT_LOC_STRINGS = YES;
				SWIFT_VERSION = 5.0;
				TARGETED_DEVICE_FAMILY = "1,2";
			};
			name = Debug;
		};
		60F3E63628BE2414008A00F9 /* Release */ = {
			isa = XCBuildConfiguration;
			buildSettings = {
				ASSETCATALOG_COMPILER_APPICON_NAME = AppIcon;
				ASSETCATALOG_COMPILER_GLOBAL_ACCENT_COLOR_NAME = AccentColor;
				CODE_SIGN_STYLE = Automatic;
				CURRENT_PROJECT_VERSION = 1;
				GENERATE_INFOPLIST_FILE = YES;
				INFOPLIST_FILE = PersonsListApp/Info.plist;
				INFOPLIST_KEY_UIApplicationSupportsIndirectInputEvents = YES;
				INFOPLIST_KEY_UILaunchStoryboardName = LaunchScreen;
				INFOPLIST_KEY_UIMainStoryboardFile = Main;
				INFOPLIST_KEY_UISupportedInterfaceOrientations_iPad = "UIInterfaceOrientationPortrait UIInterfaceOrientationPortraitUpsideDown UIInterfaceOrientationLandscapeLeft UIInterfaceOrientationLandscapeRight";
				INFOPLIST_KEY_UISupportedInterfaceOrientations_iPhone = "UIInterfaceOrientationPortrait UIInterfaceOrientationLandscapeLeft UIInterfaceOrientationLandscapeRight";
				LD_RUNPATH_SEARCH_PATHS = (
					"$(inherited)",
					"@executable_path/Frameworks",
				);
				MARKETING_VERSION = 1.0;
				PRODUCT_BUNDLE_IDENTIFIER = PersonsListApp;
				PRODUCT_NAME = "$(TARGET_NAME)";
				SWIFT_EMIT_LOC_STRINGS = YES;
				SWIFT_VERSION = 5.0;
				TARGETED_DEVICE_FAMILY = "1,2";
			};
			name = Release;
		};
/* End XCBuildConfiguration section */

/* Begin XCConfigurationList section */
		60F3E61B28BE2413008A00F9 /* Build configuration list for PBXProject "PersonsListApp" */ = {
			isa = XCConfigurationList;
			buildConfigurations = (
				60F3E63228BE2414008A00F9 /* Debug */,
				60F3E63328BE2414008A00F9 /* Release */,
			);
			defaultConfigurationIsVisible = 0;
			defaultConfigurationName = Release;
		};
		60F3E63428BE2414008A00F9 /* Build configuration list for PBXNativeTarget "PersonsListApp" */ = {
			isa = XCConfigurationList;
			buildConfigurations = (
				60F3E63528BE2414008A00F9 /* Debug */,
				60F3E63628BE2414008A00F9 /* Release */,
			);
			defaultConfigurationIsVisible = 0;
			defaultConfigurationName = Release;
		};
/* End XCConfigurationList section */
	};
	rootObject = 60F3E61828BE2413008A00F9 /* Project object */;
}
